// !$*UTF8*$!
{
	archiveVersion = 1;
	classes = {
	};
	objectVersion = 46;
	objects = {

/* Begin PBXBuildFile section */
		151354B20D9E44F8007D56FA /* Afloat_AfloatNagging.m in Sources */ = {isa = PBXBuildFile; fileRef = 151354B10D9E44F8007D56FA /* Afloat_AfloatNagging.m */; };
		153C040B0D882C3700037E2F /* JRSwizzle.m in Sources */ = {isa = PBXBuildFile; fileRef = 153C040A0D882C3700037E2F /* JRSwizzle.m */; };
		153C04180D882CEF00037E2F /* Afloat.nib in Resources */ = {isa = PBXBuildFile; fileRef = 153C04160D882CEF00037E2F /* Afloat.nib */; };
		1545809A0ECE273700F3D3D7 /* libBGHUDAppKit.a in Frameworks */ = {isa = PBXBuildFile; fileRef = 154580990ECE273700F3D3D7 /* libBGHUDAppKit.a */; };
		1547F4300F0A4E02000E4267 /* Afloat_AfloatScripting.m in Sources */ = {isa = PBXBuildFile; fileRef = 1547F42F0F0A4E02000E4267 /* Afloat_AfloatScripting.m */; };
		1547F5160F0A7EB7000E4267 /* Afloat Scripting.app in Copy Auxiliary Applications */ = {isa = PBXBuildFile; fileRef = 1547F5130F0A7E8D000E4267 /* Afloat Scripting.app */; };
		154B2E140D895DD2004593D4 /* AfloatSinkingBadge.png in Resources */ = {isa = PBXBuildFile; fileRef = 154B2E130D895DD2004593D4 /* AfloatSinkingBadge.png */; };
		15522F9D0D999F770007B44F /* Afloat2.icns in Resources */ = {isa = PBXBuildFile; fileRef = 15522F9C0D999F770007B44F /* Afloat2.icns */; };
		157C23650D801C7A00A39E33 /* AfloatButton.png in Resources */ = {isa = PBXBuildFile; fileRef = 157C23640D801C7A00A39E33 /* AfloatButton.png */; };
		157C236B0D801D8C00A39E33 /* AfloatButtonPressed.png in Resources */ = {isa = PBXBuildFile; fileRef = 157C236A0D801D8C00A39E33 /* AfloatButtonPressed.png */; };
		15950BEF0D7F4C8700D48A24 /* AfloatPanel.m in Sources */ = {isa = PBXBuildFile; fileRef = 15950BEC0D7F4C8700D48A24 /* AfloatPanel.m */; };
		15950BF00D7F4C8700D48A24 /* AfloatPanelController.m in Sources */ = {isa = PBXBuildFile; fileRef = 15950BEE0D7F4C8700D48A24 /* AfloatPanelController.m */; };
		15950BF40D7F4C9A00D48A24 /* AfloatHUDBackdrop.png in Resources */ = {isa = PBXBuildFile; fileRef = 15950BF30D7F4C9A00D48A24 /* AfloatHUDBackdrop.png */; };
		15950BFA0D7F4CA900D48A24 /* AfloatPanel.nib in Resources */ = {isa = PBXBuildFile; fileRef = 15950BF90D7F4CA900D48A24 /* AfloatPanel.nib */; };
		15950C1E0D7F4D1600D48A24 /* QuartzCore.framework in Frameworks */ = {isa = PBXBuildFile; fileRef = 15950C1D0D7F4D1600D48A24 /* QuartzCore.framework */; };
		15A957DE0D7C347A002CFBB8 /* AfloatStorage.m in Sources */ = {isa = PBXBuildFile; fileRef = 15A957DD0D7C347A002CFBB8 /* AfloatStorage.m */; };
		15B914270D721E5B005D9404 /* AfloatMenuBadge.png in Resources */ = {isa = PBXBuildFile; fileRef = 15B914260D721E5B005D9404 /* AfloatMenuBadge.png */; };
		15C88C0F0E67149C003B01AA /* AfloatWindowIdentifier.m in Sources */ = {isa = PBXBuildFile; fileRef = 15C88C0E0E67149C003B01AA /* AfloatWindowIdentifier.m */; };
		15CB74510D8932F6002BAA81 /* AfloatFloatingBadge.png in Resources */ = {isa = PBXBuildFile; fileRef = 15CB74500D8932F6002BAA81 /* AfloatFloatingBadge.png */; };
		15CB745C0D89336B002BAA81 /* AfloatBadge.nib in Resources */ = {isa = PBXBuildFile; fileRef = 15CB745A0D89336B002BAA81 /* AfloatBadge.nib */; };
		15CB745F0D8933B1002BAA81 /* AfloatBadgeController.m in Sources */ = {isa = PBXBuildFile; fileRef = 15CB745E0D8933B1002BAA81 /* AfloatBadgeController.m */; };
		15EDDA380DA80E4C00C16A67 /* Carbon.framework in Frameworks */ = {isa = PBXBuildFile; fileRef = 1513548D0D9E41EC007D56FA /* Carbon.framework */; };
		15F2FF6D0D6611BC00737D76 /* Afloat.m in Sources */ = {isa = PBXBuildFile; fileRef = 15F2FF6C0D6611BC00737D76 /* Afloat.m */; };
		8D5B49B0048680CD000E48DA /* InfoPlist.strings in Resources */ = {isa = PBXBuildFile; fileRef = 089C167DFE841241C02AAC07 /* InfoPlist.strings */; };
		8D5B49B4048680CD000E48DA /* Cocoa.framework in Frameworks */ = {isa = PBXBuildFile; fileRef = 1058C7ADFEA557BF11CA2CBB /* Cocoa.framework */; };
/* End PBXBuildFile section */

/* Begin PBXContainerItemProxy section */
		1547F5120F0A7E8D000E4267 /* PBXContainerItemProxy */ = {
			isa = PBXContainerItemProxy;
			containerPortal = 1547F50E0F0A7E8D000E4267 /* AfloatScripting.xcodeproj */;
			proxyType = 2;
			remoteGlobalIDString = 8D1107320486CEB800E47090;
			remoteInfo = AfloatScripting;
		};
		1547F5140F0A7E9A000E4267 /* PBXContainerItemProxy */ = {
			isa = PBXContainerItemProxy;
			containerPortal = 1547F50E0F0A7E8D000E4267 /* AfloatScripting.xcodeproj */;
			proxyType = 1;
			remoteGlobalIDString = 8D1107260486CEB800E47090;
			remoteInfo = AfloatScripting;
		};
/* End PBXContainerItemProxy section */

/* Begin PBXCopyFilesBuildPhase section */
		15950C210D7F4D1600D48A24 /* Copy Frameworks */ = {
			isa = PBXCopyFilesBuildPhase;
			buildActionMask = 2147483647;
			dstPath = "";
			dstSubfolderSpec = 10;
			files = (
			);
			name = "Copy Frameworks";
			runOnlyForDeploymentPostprocessing = 0;
		};
		15A2AF1B0ECDCDDF00FA6882 /* Copy Auxiliary Applications */ = {
			isa = PBXCopyFilesBuildPhase;
			buildActionMask = 2147483647;
			dstPath = Contents;
			dstSubfolderSpec = 1;
			files = (
				1547F5160F0A7EB7000E4267 /* Afloat Scripting.app in Copy Auxiliary Applications */,
			);
			name = "Copy Auxiliary Applications";
			runOnlyForDeploymentPostprocessing = 0;
		};
/* End PBXCopyFilesBuildPhase section */

/* Begin PBXFileReference section */
		089C1672FE841209C02AAC07 /* Foundation.framework */ = {isa = PBXFileReference; lastKnownFileType = wrapper.framework; name = Foundation.framework; path = /System/Library/Frameworks/Foundation.framework; sourceTree = "<absolute>"; };
		089C167FFE841241C02AAC07 /* AppKit.framework */ = {isa = PBXFileReference; lastKnownFileType = wrapper.framework; name = AppKit.framework; path = /System/Library/Frameworks/AppKit.framework; sourceTree = "<absolute>"; };
		1058C7ADFEA557BF11CA2CBB /* Cocoa.framework */ = {isa = PBXFileReference; lastKnownFileType = wrapper.framework; name = Cocoa.framework; path = /System/Library/Frameworks/Cocoa.framework; sourceTree = "<absolute>"; };
		1512ABDB0E09AB7300BA67AC /* Afloat.xcconfig */ = {isa = PBXFileReference; fileEncoding = 4; lastKnownFileType = text.xcconfig; path = Afloat.xcconfig; sourceTree = "<group>"; };
		1513541E0D9E3DF9007D56FA /* main-Nag.m */ = {isa = PBXFileReference; fileEncoding = 4; lastKnownFileType = sourcecode.c.objc; path = "main-Nag.m"; sourceTree = "<group>"; };
		151354270D9E3E31007D56FA /* Donate for Afloat-Info.plist */ = {isa = PBXFileReference; lastKnownFileType = text.plist.xml; path = "Donate for Afloat-Info.plist"; sourceTree = "<group>"; };
		1513543E0D9E3F5A007D56FA /* NSAlert+L0Alert.h */ = {isa = PBXFileReference; fileEncoding = 4; lastKnownFileType = sourcecode.c.h; name = "NSAlert+L0Alert.h"; path = "Alerts/NSAlert+L0Alert.h"; sourceTree = MULTIVERSE; };
		1513543F0D9E3F5A007D56FA /* NSAlert+L0Alert.m */ = {isa = PBXFileReference; fileEncoding = 4; lastKnownFileType = sourcecode.c.objc; name = "NSAlert+L0Alert.m"; path = "Alerts/NSAlert+L0Alert.m"; sourceTree = MULTIVERSE; };
		1513547A0D9E4116007D56FA /* AfloatDonateFirstAlert.alert */ = {isa = PBXFileReference; fileEncoding = 4; lastKnownFileType = text.xml; path = AfloatDonateFirstAlert.alert; sourceTree = "<group>"; };
		1513547B0D9E4116007D56FA /* AfloatDonateLastAlert.alert */ = {isa = PBXFileReference; fileEncoding = 4; lastKnownFileType = text.xml; path = AfloatDonateLastAlert.alert; sourceTree = "<group>"; };
		151354850D9E415C007D56FA /* AfloatNag.h */ = {isa = PBXFileReference; fileEncoding = 4; lastKnownFileType = sourcecode.c.h; path = AfloatNag.h; sourceTree = "<group>"; };
		151354860D9E415C007D56FA /* AfloatNag.m */ = {isa = PBXFileReference; fileEncoding = 4; lastKnownFileType = sourcecode.c.objc; path = AfloatNag.m; sourceTree = "<group>"; };
		151354880D9E418C007D56FA /* Nag.pch */ = {isa = PBXFileReference; fileEncoding = 4; lastKnownFileType = sourcecode.c.h; path = Nag.pch; sourceTree = "<group>"; };
		1513548D0D9E41EC007D56FA /* Carbon.framework */ = {isa = PBXFileReference; lastKnownFileType = wrapper.framework; name = Carbon.framework; path = /System/Library/Frameworks/Carbon.framework; sourceTree = "<absolute>"; };
		151354B00D9E44F8007D56FA /* Afloat_AfloatNagging.h */ = {isa = PBXFileReference; fileEncoding = 4; lastKnownFileType = sourcecode.c.h; path = Afloat_AfloatNagging.h; sourceTree = "<group>"; };
		151354B10D9E44F8007D56FA /* Afloat_AfloatNagging.m */ = {isa = PBXFileReference; fileEncoding = 4; lastKnownFileType = sourcecode.c.objc; path = Afloat_AfloatNagging.m; sourceTree = "<group>"; };
		151354B60D9E455E007D56FA /* AfloatNagPreferences.h */ = {isa = PBXFileReference; fileEncoding = 4; lastKnownFileType = sourcecode.c.h; path = AfloatNagPreferences.h; sourceTree = "<group>"; };
		153C040A0D882C3700037E2F /* JRSwizzle.m */ = {isa = PBXFileReference; fileEncoding = 4; lastKnownFileType = sourcecode.c.objc; path = JRSwizzle.m; sourceTree = "<group>"; };
		154580990ECE273700F3D3D7 /* libBGHUDAppKit.a */ = {isa = PBXFileReference; lastKnownFileType = archive.ar; path = libBGHUDAppKit.a; sourceTree = "<group>"; };
		1547F42E0F0A4E02000E4267 /* Afloat_AfloatScripting.h */ = {isa = PBXFileReference; fileEncoding = 4; lastKnownFileType = sourcecode.c.h; path = Afloat_AfloatScripting.h; sourceTree = "<group>"; };
		1547F42F0F0A4E02000E4267 /* Afloat_AfloatScripting.m */ = {isa = PBXFileReference; fileEncoding = 4; lastKnownFileType = sourcecode.c.objc; path = Afloat_AfloatScripting.m; sourceTree = "<group>"; };
		1547F50E0F0A7E8D000E4267 /* AfloatScripting.xcodeproj */ = {isa = PBXFileReference; lastKnownFileType = "wrapper.pb-project"; name = AfloatScripting.xcodeproj; path = AfloatScripting/AfloatScripting.xcodeproj; sourceTree = "<group>"; };
		154B2E130D895DD2004593D4 /* AfloatSinkingBadge.png */ = {isa = PBXFileReference; lastKnownFileType = image.png; path = AfloatSinkingBadge.png; sourceTree = "<group>"; };
		15522F9C0D999F770007B44F /* Afloat2.icns */ = {isa = PBXFileReference; lastKnownFileType = image.icns; path = Afloat2.icns; sourceTree = "<group>"; };
		157C23640D801C7A00A39E33 /* AfloatButton.png */ = {isa = PBXFileReference; lastKnownFileType = image.png; path = AfloatButton.png; sourceTree = "<group>"; };
		157C236A0D801D8C00A39E33 /* AfloatButtonPressed.png */ = {isa = PBXFileReference; lastKnownFileType = image.png; path = AfloatButtonPressed.png; sourceTree = "<group>"; };
		15950BEB0D7F4C8700D48A24 /* AfloatPanel.h */ = {isa = PBXFileReference; fileEncoding = 4; lastKnownFileType = sourcecode.c.h; path = AfloatPanel.h; sourceTree = "<group>"; };
		15950BEC0D7F4C8700D48A24 /* AfloatPanel.m */ = {isa = PBXFileReference; fileEncoding = 4; lastKnownFileType = sourcecode.c.objc; path = AfloatPanel.m; sourceTree = "<group>"; };
		15950BED0D7F4C8700D48A24 /* AfloatPanelController.h */ = {isa = PBXFileReference; fileEncoding = 4; lastKnownFileType = sourcecode.c.h; path = AfloatPanelController.h; sourceTree = "<group>"; };
		15950BEE0D7F4C8700D48A24 /* AfloatPanelController.m */ = {isa = PBXFileReference; fileEncoding = 4; lastKnownFileType = sourcecode.c.objc; path = AfloatPanelController.m; sourceTree = "<group>"; };
		15950BF30D7F4C9A00D48A24 /* AfloatHUDBackdrop.png */ = {isa = PBXFileReference; lastKnownFileType = image.png; path = AfloatHUDBackdrop.png; sourceTree = "<group>"; };
		15950C1D0D7F4D1600D48A24 /* QuartzCore.framework */ = {isa = PBXFileReference; lastKnownFileType = wrapper.framework; name = QuartzCore.framework; path = /System/Library/Frameworks/QuartzCore.framework; sourceTree = "<absolute>"; };
		15A015B00E9BCB14006B819C /* en */ = {isa = PBXFileReference; lastKnownFileType = wrapper.nib; name = en; path = en.lproj/Afloat.nib; sourceTree = "<group>"; };
		15A015B10E9BCB23006B819C /* en */ = {isa = PBXFileReference; lastKnownFileType = wrapper.nib; name = en; path = en.lproj/AfloatPanel.nib; sourceTree = "<group>"; };
		15A015B20E9BCB26006B819C /* en */ = {isa = PBXFileReference; lastKnownFileType = wrapper.nib; name = en; path = en.lproj/AfloatBadge.nib; sourceTree = "<group>"; };
		15A015B30E9BCB2B006B819C /* en */ = {isa = PBXFileReference; fileEncoding = 10; lastKnownFileType = text.plist.strings; name = en; path = en.lproj/InfoPlist.strings; sourceTree = "<group>"; };
		15A015B60E9BCBA3006B819C /* en */ = {isa = PBXFileReference; lastKnownFileType = wrapper.nib; name = en; path = en.lproj/Donate.nib; sourceTree = "<group>"; };
		15A015B70E9BCBAB006B819C /* en */ = {isa = PBXFileReference; lastKnownFileType = text.plist.strings; name = en; path = en.lproj/AfloatDonateLastAlert.strings; sourceTree = "<group>"; };
		15A015B80E9BCBB0006B819C /* en */ = {isa = PBXFileReference; lastKnownFileType = text.plist.strings; name = en; path = en.lproj/AfloatDonateFirstAlert.strings; sourceTree = "<group>"; };
		15A957DC0D7C347A002CFBB8 /* AfloatStorage.h */ = {isa = PBXFileReference; fileEncoding = 4; lastKnownFileType = sourcecode.c.h; path = AfloatStorage.h; sourceTree = "<group>"; };
		15A957DD0D7C347A002CFBB8 /* AfloatStorage.m */ = {isa = PBXFileReference; fileEncoding = 4; lastKnownFileType = sourcecode.c.objc; path = AfloatStorage.m; sourceTree = "<group>"; };
		15B914260D721E5B005D9404 /* AfloatMenuBadge.png */ = {isa = PBXFileReference; lastKnownFileType = image.png; path = AfloatMenuBadge.png; sourceTree = "<group>"; };
		15C88C0D0E67149C003B01AA /* AfloatWindowIdentifier.h */ = {isa = PBXFileReference; fileEncoding = 4; lastKnownFileType = sourcecode.c.h; path = AfloatWindowIdentifier.h; sourceTree = "<group>"; };
		15C88C0E0E67149C003B01AA /* AfloatWindowIdentifier.m */ = {isa = PBXFileReference; fileEncoding = 4; lastKnownFileType = sourcecode.c.objc; path = AfloatWindowIdentifier.m; sourceTree = "<group>"; };
		15CB74500D8932F6002BAA81 /* AfloatFloatingBadge.png */ = {isa = PBXFileReference; lastKnownFileType = image.png; path = AfloatFloatingBadge.png; sourceTree = "<group>"; };
		15CB745D0D8933B1002BAA81 /* AfloatBadgeController.h */ = {isa = PBXFileReference; fileEncoding = 4; lastKnownFileType = sourcecode.c.h; path = AfloatBadgeController.h; sourceTree = "<group>"; };
		15CB745E0D8933B1002BAA81 /* AfloatBadgeController.m */ = {isa = PBXFileReference; fileEncoding = 4; lastKnownFileType = sourcecode.c.objc; path = AfloatBadgeController.m; sourceTree = "<group>"; };
		15DDB2B10D776C340008FF87 /* JRSwizzle.h */ = {isa = PBXFileReference; fileEncoding = 4; lastKnownFileType = sourcecode.c.h; path = JRSwizzle.h; sourceTree = "<group>"; };
		15F2FF6B0D6611BC00737D76 /* Afloat.h */ = {isa = PBXFileReference; fileEncoding = 4; lastKnownFileType = sourcecode.c.h; path = Afloat.h; sourceTree = "<group>"; };
		15F2FF6C0D6611BC00737D76 /* Afloat.m */ = {isa = PBXFileReference; fileEncoding = 4; lastKnownFileType = sourcecode.c.objc; path = Afloat.m; sourceTree = "<group>"; };
		32DBCF630370AF2F00C91783 /* Afloat_Prefix.pch */ = {isa = PBXFileReference; fileEncoding = 4; lastKnownFileType = sourcecode.c.h; path = Afloat_Prefix.pch; sourceTree = "<group>"; };
		8D5B49B6048680CD000E48DA /* Afloat.bundle */ = {isa = PBXFileReference; explicitFileType = wrapper.cfbundle; includeInIndex = 0; path = Afloat.bundle; sourceTree = BUILT_PRODUCTS_DIR; };
		8D5B49B7048680CD000E48DA /* Info.plist */ = {isa = PBXFileReference; fileEncoding = 4; lastKnownFileType = text.plist.xml; path = Info.plist; sourceTree = "<group>"; };
/* End PBXFileReference section */

/* Begin PBXFrameworksBuildPhase section */
		8D5B49B3048680CD000E48DA /* Frameworks */ = {
			isa = PBXFrameworksBuildPhase;
			buildActionMask = 2147483647;
			files = (
				15EDDA380DA80E4C00C16A67 /* Carbon.framework in Frameworks */,
				8D5B49B4048680CD000E48DA /* Cocoa.framework in Frameworks */,
				15950C1E0D7F4D1600D48A24 /* QuartzCore.framework in Frameworks */,
				1545809A0ECE273700F3D3D7 /* libBGHUDAppKit.a in Frameworks */,
			);
			runOnlyForDeploymentPostprocessing = 0;
		};
/* End PBXFrameworksBuildPhase section */

/* Begin PBXGroup section */
		089C166AFE841209C02AAC07 /* Afloat */ = {
			isa = PBXGroup;
			children = (
				1512ABDB0E09AB7300BA67AC /* Afloat.xcconfig */,
				1547F50E0F0A7E8D000E4267 /* AfloatScripting.xcodeproj */,
				1513541D0D9E3DE1007D56FA /* Nag */,
				08FB77AFFE84173DC02AAC07 /* Classes */,
				32C88E010371C26100C91783 /* Other Sources */,
				089C167CFE841241C02AAC07 /* Resources */,
				089C1671FE841209C02AAC07 /* Frameworks and Libraries */,
				19C28FB8FE9D52D311CA2CBB /* Products */,
			);
			name = Afloat;
			sourceTree = "<group>";
		};
		089C1671FE841209C02AAC07 /* Frameworks and Libraries */ = {
			isa = PBXGroup;
			children = (
				1058C7ACFEA557BF11CA2CBB /* Linked Frameworks */,
				1058C7AEFEA557BF11CA2CBB /* Other Frameworks */,
			);
			name = "Frameworks and Libraries";
			sourceTree = "<group>";
		};
		089C167CFE841241C02AAC07 /* Resources */ = {
			isa = PBXGroup;
			children = (
				15522F9C0D999F770007B44F /* Afloat2.icns */,
				15CB74500D8932F6002BAA81 /* AfloatFloatingBadge.png */,
				154B2E130D895DD2004593D4 /* AfloatSinkingBadge.png */,
				157C23640D801C7A00A39E33 /* AfloatButton.png */,
				157C236A0D801D8C00A39E33 /* AfloatButtonPressed.png */,
				15950BF30D7F4C9A00D48A24 /* AfloatHUDBackdrop.png */,
				15B914260D721E5B005D9404 /* AfloatMenuBadge.png */,
				153C04160D882CEF00037E2F /* Afloat.nib */,
				15950BF90D7F4CA900D48A24 /* AfloatPanel.nib */,
				15CB745A0D89336B002BAA81 /* AfloatBadge.nib */,
				089C167DFE841241C02AAC07 /* InfoPlist.strings */,
				8D5B49B7048680CD000E48DA /* Info.plist */,
			);
			name = Resources;
			sourceTree = "<group>";
		};
		08FB77AFFE84173DC02AAC07 /* Classes */ = {
			isa = PBXGroup;
			children = (
				15950BEB0D7F4C8700D48A24 /* AfloatPanel.h */,
				15950BEC0D7F4C8700D48A24 /* AfloatPanel.m */,
				15CB743C0D8932D3002BAA81 /* Badges */,
				15950BEA0D7F4C7600D48A24 /* HUD */,
				15F2FF6B0D6611BC00737D76 /* Afloat.h */,
				15F2FF6C0D6611BC00737D76 /* Afloat.m */,
				15A957DC0D7C347A002CFBB8 /* AfloatStorage.h */,
				15A957DD0D7C347A002CFBB8 /* AfloatStorage.m */,
				15C88C0D0E67149C003B01AA /* AfloatWindowIdentifier.h */,
				15C88C0E0E67149C003B01AA /* AfloatWindowIdentifier.m */,
				1547F42E0F0A4E02000E4267 /* Afloat_AfloatScripting.h */,
				1547F42F0F0A4E02000E4267 /* Afloat_AfloatScripting.m */,
			);
			name = Classes;
			sourceTree = "<group>";
		};
		1058C7ACFEA557BF11CA2CBB /* Linked Frameworks */ = {
			isa = PBXGroup;
			children = (
				154580990ECE273700F3D3D7 /* libBGHUDAppKit.a */,
				1513548D0D9E41EC007D56FA /* Carbon.framework */,
				15950C1D0D7F4D1600D48A24 /* QuartzCore.framework */,
				1058C7ADFEA557BF11CA2CBB /* Cocoa.framework */,
			);
			name = "Linked Frameworks";
			sourceTree = "<group>";
		};
		1058C7AEFEA557BF11CA2CBB /* Other Frameworks */ = {
			isa = PBXGroup;
			children = (
				089C167FFE841241C02AAC07 /* AppKit.framework */,
				089C1672FE841209C02AAC07 /* Foundation.framework */,
			);
			name = "Other Frameworks";
			sourceTree = "<group>";
		};
		1513541D0D9E3DE1007D56FA /* Nag */ = {
			isa = PBXGroup;
			children = (
				1513543E0D9E3F5A007D56FA /* NSAlert+L0Alert.h */,
				1513543F0D9E3F5A007D56FA /* NSAlert+L0Alert.m */,
				1513542F0D9E3E4D007D56FA /* Resources */,
				1513541E0D9E3DF9007D56FA /* main-Nag.m */,
				151354270D9E3E31007D56FA /* Donate for Afloat-Info.plist */,
				151354850D9E415C007D56FA /* AfloatNag.h */,
				151354860D9E415C007D56FA /* AfloatNag.m */,
				151354880D9E418C007D56FA /* Nag.pch */,
				151354B00D9E44F8007D56FA /* Afloat_AfloatNagging.h */,
				151354B10D9E44F8007D56FA /* Afloat_AfloatNagging.m */,
				151354B60D9E455E007D56FA /* AfloatNagPreferences.h */,
			);
			name = Nag;
			sourceTree = "<group>";
		};
		1513542F0D9E3E4D007D56FA /* Resources */ = {
			isa = PBXGroup;
			children = (
				1513547A0D9E4116007D56FA /* AfloatDonateFirstAlert.alert */,
				1513547B0D9E4116007D56FA /* AfloatDonateLastAlert.alert */,
				1513547E0D9E412C007D56FA /* AfloatDonateFirstAlert.strings */,
				151354800D9E412C007D56FA /* AfloatDonateLastAlert.strings */,
				151354780D9E40DD007D56FA /* Donate.nib */,
			);
			name = Resources;
			sourceTree = "<group>";
		};
		1547F50F0F0A7E8D000E4267 /* Products */ = {
			isa = PBXGroup;
			children = (
				1547F5130F0A7E8D000E4267 /* Afloat Scripting.app */,
			);
			name = Products;
			sourceTree = "<group>";
		};
		15950BEA0D7F4C7600D48A24 /* HUD */ = {
			isa = PBXGroup;
			children = (
				15950BED0D7F4C8700D48A24 /* AfloatPanelController.h */,
				15950BEE0D7F4C8700D48A24 /* AfloatPanelController.m */,
			);
			name = HUD;
			sourceTree = "<group>";
		};
		15CB743C0D8932D3002BAA81 /* Badges */ = {
			isa = PBXGroup;
			children = (
				15CB745D0D8933B1002BAA81 /* AfloatBadgeController.h */,
				15CB745E0D8933B1002BAA81 /* AfloatBadgeController.m */,
			);
			name = Badges;
			sourceTree = "<group>";
		};
		19C28FB8FE9D52D311CA2CBB /* Products */ = {
			isa = PBXGroup;
			children = (
				8D5B49B6048680CD000E48DA /* Afloat.bundle */,
			);
			name = Products;
			sourceTree = "<group>";
		};
		32C88E010371C26100C91783 /* Other Sources */ = {
			isa = PBXGroup;
			children = (
				15DDB2B10D776C340008FF87 /* JRSwizzle.h */,
				153C040A0D882C3700037E2F /* JRSwizzle.m */,
				32DBCF630370AF2F00C91783 /* Afloat_Prefix.pch */,
			);
			name = "Other Sources";
			sourceTree = "<group>";
		};
/* End PBXGroup section */

/* Begin PBXNativeTarget section */
		8D5B49AC048680CD000E48DA /* Afloat */ = {
			isa = PBXNativeTarget;
			buildConfigurationList = 1DEB913A08733D840010E9CD /* Build configuration list for PBXNativeTarget "Afloat" */;
			buildPhases = (
				8D5B49AF048680CD000E48DA /* Resources */,
				15A2AF1B0ECDCDDF00FA6882 /* Copy Auxiliary Applications */,
				8D5B49B1048680CD000E48DA /* Sources */,
				8D5B49B3048680CD000E48DA /* Frameworks */,
				15950C210D7F4D1600D48A24 /* Copy Frameworks */,
				152C72A70D8AAF87007438FA /* Hide Extension & Add HFS+ Attributes */,
			);
			buildRules = (
			);
			dependencies = (
				1547F5150F0A7E9A000E4267 /* PBXTargetDependency */,
			);
			name = Afloat;
			productInstallPath = "$(HOME)/Library/Bundles";
			productName = Afloat;
			productReference = 8D5B49B6048680CD000E48DA /* Afloat.bundle */;
			productType = "com.apple.product-type.bundle";
		};
/* End PBXNativeTarget section */

/* Begin PBXProject section */
		089C1669FE841209C02AAC07 /* Project object */ = {
			isa = PBXProject;
			attributes = {
				LastUpgradeCheck = 0510;
			};
			buildConfigurationList = 1DEB913E08733D840010E9CD /* Build configuration list for PBXProject "Afloat" */;
			compatibilityVersion = "Xcode 3.2";
			developmentRegion = English;
			hasScannedForEncodings = 1;
			knownRegions = (
				English,
				Japanese,
				French,
				German,
				"zh-Hant",
				en,
				it,
			);
			mainGroup = 089C166AFE841209C02AAC07 /* Afloat */;
			projectDirPath = "";
			projectReferences = (
				{
					ProductGroup = 1547F50F0F0A7E8D000E4267 /* Products */;
					ProjectRef = 1547F50E0F0A7E8D000E4267 /* AfloatScripting.xcodeproj */;
				},
			);
			projectRoot = "";
			targets = (
				8D5B49AC048680CD000E48DA /* Afloat */,
			);
		};
/* End PBXProject section */

/* Begin PBXReferenceProxy section */
		1547F5130F0A7E8D000E4267 /* Afloat Scripting.app */ = {
			isa = PBXReferenceProxy;
			fileType = wrapper.application;
			path = "Afloat Scripting.app";
			remoteRef = 1547F5120F0A7E8D000E4267 /* PBXContainerItemProxy */;
			sourceTree = BUILT_PRODUCTS_DIR;
		};
/* End PBXReferenceProxy section */

/* Begin PBXResourcesBuildPhase section */
		8D5B49AF048680CD000E48DA /* Resources */ = {
			isa = PBXResourcesBuildPhase;
			buildActionMask = 2147483647;
			files = (
				8D5B49B0048680CD000E48DA /* InfoPlist.strings in Resources */,
				15B914270D721E5B005D9404 /* AfloatMenuBadge.png in Resources */,
				15950BF40D7F4C9A00D48A24 /* AfloatHUDBackdrop.png in Resources */,
				15950BFA0D7F4CA900D48A24 /* AfloatPanel.nib in Resources */,
				157C23650D801C7A00A39E33 /* AfloatButton.png in Resources */,
				157C236B0D801D8C00A39E33 /* AfloatButtonPressed.png in Resources */,
				153C04180D882CEF00037E2F /* Afloat.nib in Resources */,
				15CB74510D8932F6002BAA81 /* AfloatFloatingBadge.png in Resources */,
				15CB745C0D89336B002BAA81 /* AfloatBadge.nib in Resources */,
				154B2E140D895DD2004593D4 /* AfloatSinkingBadge.png in Resources */,
				15522F9D0D999F770007B44F /* Afloat2.icns in Resources */,
			);
			runOnlyForDeploymentPostprocessing = 0;
		};
/* End PBXResourcesBuildPhase section */

/* Begin PBXShellScriptBuildPhase section */
		152C72A70D8AAF87007438FA /* Hide Extension & Add HFS+ Attributes */ = {
			isa = PBXShellScriptBuildPhase;
			buildActionMask = 2147483647;
			files = (
			);
			inputPaths = (
			);
			name = "Hide Extension & Add HFS+ Attributes";
			outputPaths = (
			);
			runOnlyForDeploymentPostprocessing = 0;
			shellPath = /bin/sh;
			shellScript = "\nSETICON=\"$MULTIVERSE\"/Tools/Xcode/seticon\n\nif [ -f \"$SETICON\" -a -x \"$SETICON\" ]; then\n\t\"$SETICON\" -d \"$SRCROOT\"/Afloat2.icns \"$BUILT_PRODUCTS_DIR\"/\"$WRAPPER_NAME\"\nfi\n\n\"$DEVELOPER_TOOLS_DIR\"/SetFile -a EBC \"$BUILT_PRODUCTS_DIR\"/\"$WRAPPER_NAME\"\n";
		};
/* End PBXShellScriptBuildPhase section */

/* Begin PBXSourcesBuildPhase section */
		8D5B49B1048680CD000E48DA /* Sources */ = {
			isa = PBXSourcesBuildPhase;
			buildActionMask = 2147483647;
			files = (
				15F2FF6D0D6611BC00737D76 /* Afloat.m in Sources */,
				15A957DE0D7C347A002CFBB8 /* AfloatStorage.m in Sources */,
				15950BEF0D7F4C8700D48A24 /* AfloatPanel.m in Sources */,
				15950BF00D7F4C8700D48A24 /* AfloatPanelController.m in Sources */,
				153C040B0D882C3700037E2F /* JRSwizzle.m in Sources */,
				15CB745F0D8933B1002BAA81 /* AfloatBadgeController.m in Sources */,
				151354B20D9E44F8007D56FA /* Afloat_AfloatNagging.m in Sources */,
				15C88C0F0E67149C003B01AA /* AfloatWindowIdentifier.m in Sources */,
				1547F4300F0A4E02000E4267 /* Afloat_AfloatScripting.m in Sources */,
			);
			runOnlyForDeploymentPostprocessing = 0;
		};
/* End PBXSourcesBuildPhase section */

/* Begin PBXTargetDependency section */
		1547F5150F0A7E9A000E4267 /* PBXTargetDependency */ = {
			isa = PBXTargetDependency;
			name = AfloatScripting;
			targetProxy = 1547F5140F0A7E9A000E4267 /* PBXContainerItemProxy */;
		};
/* End PBXTargetDependency section */

/* Begin PBXVariantGroup section */
		089C167DFE841241C02AAC07 /* InfoPlist.strings */ = {
			isa = PBXVariantGroup;
			children = (
				15A015B30E9BCB2B006B819C /* en */,
			);
			name = InfoPlist.strings;
			sourceTree = "<group>";
		};
		151354780D9E40DD007D56FA /* Donate.nib */ = {
			isa = PBXVariantGroup;
			children = (
				15A015B60E9BCBA3006B819C /* en */,
			);
			name = Donate.nib;
			sourceTree = "<group>";
		};
		1513547E0D9E412C007D56FA /* AfloatDonateFirstAlert.strings */ = {
			isa = PBXVariantGroup;
			children = (
				15A015B80E9BCBB0006B819C /* en */,
			);
			name = AfloatDonateFirstAlert.strings;
			sourceTree = "<group>";
		};
		151354800D9E412C007D56FA /* AfloatDonateLastAlert.strings */ = {
			isa = PBXVariantGroup;
			children = (
				15A015B70E9BCBAB006B819C /* en */,
			);
			name = AfloatDonateLastAlert.strings;
			sourceTree = "<group>";
		};
		153C04160D882CEF00037E2F /* Afloat.nib */ = {
			isa = PBXVariantGroup;
			children = (
				15A015B00E9BCB14006B819C /* en */,
			);
			name = Afloat.nib;
			sourceTree = "<group>";
		};
		15950BF90D7F4CA900D48A24 /* AfloatPanel.nib */ = {
			isa = PBXVariantGroup;
			children = (
				15A015B10E9BCB23006B819C /* en */,
			);
			name = AfloatPanel.nib;
			sourceTree = "<group>";
		};
		15CB745A0D89336B002BAA81 /* AfloatBadge.nib */ = {
			isa = PBXVariantGroup;
			children = (
				15A015B20E9BCB26006B819C /* en */,
			);
			name = AfloatBadge.nib;
			sourceTree = "<group>";
		};
/* End PBXVariantGroup section */

/* Begin XCBuildConfiguration section */
		1DEB913B08733D840010E9CD /* Debug */ = {
			isa = XCBuildConfiguration;
			baseConfigurationReference = 1512ABDB0E09AB7300BA67AC /* Afloat.xcconfig */;
			buildSettings = {
				ARCHS = "$(ARCHS_STANDARD_32_64_BIT)";
				FRAMEWORK_SEARCH_PATHS = (
					"$(inherited)",
					"\"$(SRCROOT)\"",
				);
				GCC_C_LANGUAGE_STANDARD = c99;
				GCC_DYNAMIC_NO_PIC = NO;
				GCC_OPTIMIZATION_LEVEL = 0;
				GCC_PRECOMPILE_PREFIX_HEADER = YES;
				GCC_PREFIX_HEADER = Afloat_Prefix.pch;
				GCC_PREPROCESSOR_DEFINITIONS = "";
				INFOPLIST_FILE = Info.plist;
				INSTALL_PATH = "$(HOME)/Library/Bundles";
				LIBRARY_SEARCH_PATHS = (
					"$(inherited)",
					"\"$(SRCROOT)\"",
				);
				OTHER_LDFLAGS = "-ObjC";
				PRODUCT_NAME = Afloat;
				SDKROOT = macosx;
				WRAPPER_EXTENSION = bundle;
			};
			name = Debug;
		};
		1DEB913C08733D840010E9CD /* Release */ = {
			isa = XCBuildConfiguration;
			baseConfigurationReference = 1512ABDB0E09AB7300BA67AC /* Afloat.xcconfig */;
			buildSettings = {
				ARCHS = "$(ARCHS_STANDARD_32_64_BIT)";
				DEBUG_INFORMATION_FORMAT = "dwarf-with-dsym";
				FRAMEWORK_SEARCH_PATHS = (
					"$(inherited)",
					"\"$(SRCROOT)\"",
				);
				GCC_C_LANGUAGE_STANDARD = c99;
				GCC_PRECOMPILE_PREFIX_HEADER = YES;
				GCC_PREFIX_HEADER = Afloat_Prefix.pch;
				INFOPLIST_FILE = Info.plist;
				INSTALL_PATH = "$(HOME)/Library/Bundles";
				LIBRARY_SEARCH_PATHS = (
					"$(inherited)",
					"\"$(SRCROOT)\"",
				);
				OTHER_LDFLAGS = "-ObjC";
				PRODUCT_NAME = Afloat;
				SDKROOT = macosx;
				WRAPPER_EXTENSION = bundle;
			};
			name = Release;
		};
		1DEB913F08733D840010E9CD /* Debug */ = {
			isa = XCBuildConfiguration;
			baseConfigurationReference = 1512ABDB0E09AB7300BA67AC /* Afloat.xcconfig */;
			buildSettings = {
				SDKROOT = macosx;
			};
			name = Debug;
		};
		1DEB914008733D840010E9CD /* Release */ = {
			isa = XCBuildConfiguration;
			buildSettings = {
				SDKROOT = macosx;
			};
			name = Release;
		};
/* End XCBuildConfiguration section */

/* Begin XCConfigurationList section */
		1DEB913A08733D840010E9CD /* Build configuration list for PBXNativeTarget "Afloat" */ = {
			isa = XCConfigurationList;
			buildConfigurations = (
				1DEB913B08733D840010E9CD /* Debug */,
				1DEB913C08733D840010E9CD /* Release */,
			);
			defaultConfigurationIsVisible = 0;
			defaultConfigurationName = Release;
		};
		1DEB913E08733D840010E9CD /* Build configuration list for PBXProject "Afloat" */ = {
			isa = XCConfigurationList;
			buildConfigurations = (
				1DEB913F08733D840010E9CD /* Debug */,
				1DEB914008733D840010E9CD /* Release */,
			);
			defaultConfigurationIsVisible = 0;
			defaultConfigurationName = Release;
		};
/* End XCConfigurationList section */
	};
	rootObject = 089C1669FE841209C02AAC07 /* Project object */;
}
